
Microsoft Visual Studio Solution File, Format Version 12.00
# Visual Studio Version 17
VisualStudioVersion = 17.8.34330.188
MinimumVisualStudioVersion = 10.0.40219.1
Project("{FAE04EC0-301F-11D3-BF4B-00C04F79EFBC}") = "Trailmate", "Trailmate.csproj", "{BE374BCD-A5EE-41E1-8A09-7BB047319A07}"
EndProject
Global
	GlobalSection(SolutionConfigurationPlatforms) = preSolution
		Debug|Any CPU = Debug|Any CPU
		Release|Any CPU = Release|Any CPU
	EndGlobalSection
	GlobalSection(ProjectConfigurationPlatforms) = postSolution
		{BE374BCD-A5EE-41E1-8A09-7BB047319A07}.Debug|Any CPU.ActiveCfg = Debug|Any CPU
		{BE374BCD-A5EE-41E1-8A09-7BB047319A07}.Debug|Any CPU.Build.0 = Debug|Any CPU
		{BE374BCD-A5EE-41E1-8A09-7BB047319A07}.Release|Any CPU.ActiveCfg = Release|Any CPU
		{BE374BCD-A5EE-41E1-8A09-7BB047319A07}.Release|Any CPU.Build.0 = Release|Any CPU
	EndGlobalSection
	GlobalSection(SolutionProperties) = preSolution
		HideSolutionNode = FALSE
	EndGlobalSection
	GlobalSection(ExtensibilityGlobals) = postSolution
		SolutionGuid = {4D938BBE-7AB2-4B84-A3C4-CC70D5D94F57}
	EndGlobalSection
EndGlobal
